// !$*UTF8*$!
{
	archiveVersion = 1;
	classes = {
	};
	objectVersion = 50;
	objects = {

/* Begin PBXBuildFile section */
		422160C7266CEB4D00D487D3 /* Spacers.swift in Sources */ = {isa = PBXBuildFile; fileRef = 422160C6266CEB4D00D487D3 /* Spacers.swift */; };
		422160CA266CED8900D487D3 /* GestureView.swift in Sources */ = {isa = PBXBuildFile; fileRef = 422160C9266CED8900D487D3 /* GestureView.swift */; };
		422160CD266CF0A200D487D3 /* TextStyle.swift in Sources */ = {isa = PBXBuildFile; fileRef = 422160CC266CF0A200D487D3 /* TextStyle.swift */; };
		422160D4266CF69C00D487D3 /* NanumSquareRoundEB.ttf in Resources */ = {isa = PBXBuildFile; fileRef = 422160D1266CF37900D487D3 /* NanumSquareRoundEB.ttf */; };
		422160D5266CF69F00D487D3 /* NanumSquareRoundL.ttf in Resources */ = {isa = PBXBuildFile; fileRef = 422160D2266CF37900D487D3 /* NanumSquareRoundL.ttf */; };
		422160D6266CF6A200D487D3 /* NanumSquareRoundB.ttf in Resources */ = {isa = PBXBuildFile; fileRef = 422160D0266CF37200D487D3 /* NanumSquareRoundB.ttf */; };
		422160D7266CF6A500D487D3 /* NanumSquareRoundR.ttf in Resources */ = {isa = PBXBuildFile; fileRef = 422160CF266CF37200D487D3 /* NanumSquareRoundR.ttf */; };
		422160DA266CF77B00D487D3 /* Color.swift in Sources */ = {isa = PBXBuildFile; fileRef = 422160D9266CF77B00D487D3 /* Color.swift */; };
		422160DE266CFD7E00D487D3 /* Timer.swift in Sources */ = {isa = PBXBuildFile; fileRef = 422160DD266CFD7E00D487D3 /* Timer.swift */; };
		42F36456266CE4BB0066F828 /* invisible_stopwatchApp.swift in Sources */ = {isa = PBXBuildFile; fileRef = 42F36455266CE4BB0066F828 /* invisible_stopwatchApp.swift */; };
		42F36458266CE4BB0066F828 /* ContentView.swift in Sources */ = {isa = PBXBuildFile; fileRef = 42F36457266CE4BB0066F828 /* ContentView.swift */; };
		42F3645A266CE4BB0066F828 /* Assets.xcassets in Resources */ = {isa = PBXBuildFile; fileRef = 42F36459266CE4BB0066F828 /* Assets.xcassets */; };
		42F3645D266CE4BB0066F828 /* Preview Assets.xcassets in Resources */ = {isa = PBXBuildFile; fileRef = 42F3645C266CE4BB0066F828 /* Preview Assets.xcassets */; };
		5E7FD3B07723242CF203A875 /* Pods_invisible_stopwatch.framework in Frameworks */ = {isa = PBXBuildFile; fileRef = 1CF93CEC196DF7C20E3207D1 /* Pods_invisible_stopwatch.framework */; };
/* End PBXBuildFile section */

/* Begin PBXFileReference section */
		1CF93CEC196DF7C20E3207D1 /* Pods_invisible_stopwatch.framework */ = {isa = PBXFileReference; explicitFileType = wrapper.framework; includeInIndex = 0; path = Pods_invisible_stopwatch.framework; sourceTree = BUILT_PRODUCTS_DIR; };
		422160C6266CEB4D00D487D3 /* Spacers.swift */ = {isa = PBXFileReference; lastKnownFileType = sourcecode.swift; path = Spacers.swift; sourceTree = "<group>"; };
		422160C9266CED8900D487D3 /* GestureView.swift */ = {isa = PBXFileReference; lastKnownFileType = sourcecode.swift; path = GestureView.swift; sourceTree = "<group>"; };
		422160CC266CF0A200D487D3 /* TextStyle.swift */ = {isa = PBXFileReference; lastKnownFileType = sourcecode.swift; path = TextStyle.swift; sourceTree = "<group>"; };
		422160CF266CF37200D487D3 /* NanumSquareRoundR.ttf */ = {isa = PBXFileReference; lastKnownFileType = file; path = NanumSquareRoundR.ttf; sourceTree = "<group>"; };
		422160D0266CF37200D487D3 /* NanumSquareRoundB.ttf */ = {isa = PBXFileReference; lastKnownFileType = file; path = NanumSquareRoundB.ttf; sourceTree = "<group>"; };
		422160D1266CF37900D487D3 /* NanumSquareRoundEB.ttf */ = {isa = PBXFileReference; lastKnownFileType = file; path = NanumSquareRoundEB.ttf; sourceTree = "<group>"; };
		422160D2266CF37900D487D3 /* NanumSquareRoundL.ttf */ = {isa = PBXFileReference; lastKnownFileType = file; path = NanumSquareRoundL.ttf; sourceTree = "<group>"; };
		422160D9266CF77B00D487D3 /* Color.swift */ = {isa = PBXFileReference; lastKnownFileType = sourcecode.swift; path = Color.swift; sourceTree = "<group>"; };
		422160DD266CFD7E00D487D3 /* Timer.swift */ = {isa = PBXFileReference; lastKnownFileType = sourcecode.swift; path = Timer.swift; sourceTree = "<group>"; };
		42F36452266CE4BB0066F828 /* invisible-stopwatch.app */ = {isa = PBXFileReference; explicitFileType = wrapper.application; includeInIndex = 0; path = "invisible-stopwatch.app"; sourceTree = BUILT_PRODUCTS_DIR; };
		42F36455266CE4BB0066F828 /* invisible_stopwatchApp.swift */ = {isa = PBXFileReference; lastKnownFileType = sourcecode.swift; path = invisible_stopwatchApp.swift; sourceTree = "<group>"; };
		42F36457266CE4BB0066F828 /* ContentView.swift */ = {isa = PBXFileReference; lastKnownFileType = sourcecode.swift; path = ContentView.swift; sourceTree = "<group>"; };
		42F36459266CE4BB0066F828 /* Assets.xcassets */ = {isa = PBXFileReference; lastKnownFileType = folder.assetcatalog; path = Assets.xcassets; sourceTree = "<group>"; };
		42F3645C266CE4BB0066F828 /* Preview Assets.xcassets */ = {isa = PBXFileReference; lastKnownFileType = folder.assetcatalog; path = "Preview Assets.xcassets"; sourceTree = "<group>"; };
		42F3645E266CE4BB0066F828 /* Info.plist */ = {isa = PBXFileReference; lastKnownFileType = text.plist.xml; path = Info.plist; sourceTree = "<group>"; };
		820A7A9469A4C16A745E4443 /* Pods-invisible-stopwatch.release.xcconfig */ = {isa = PBXFileReference; includeInIndex = 1; lastKnownFileType = text.xcconfig; name = "Pods-invisible-stopwatch.release.xcconfig"; path = "Target Support Files/Pods-invisible-stopwatch/Pods-invisible-stopwatch.release.xcconfig"; sourceTree = "<group>"; };
		B4F6C976B3959CD34B279515 /* Pods-invisible-stopwatch.debug.xcconfig */ = {isa = PBXFileReference; includeInIndex = 1; lastKnownFileType = text.xcconfig; name = "Pods-invisible-stopwatch.debug.xcconfig"; path = "Target Support Files/Pods-invisible-stopwatch/Pods-invisible-stopwatch.debug.xcconfig"; sourceTree = "<group>"; };
/* End PBXFileReference section */

/* Begin PBXFrameworksBuildPhase section */
		42F3644F266CE4BB0066F828 /* Frameworks */ = {
			isa = PBXFrameworksBuildPhase;
			buildActionMask = 2147483647;
			files = (
				5E7FD3B07723242CF203A875 /* Pods_invisible_stopwatch.framework in Frameworks */,
			);
			runOnlyForDeploymentPostprocessing = 0;
		};
/* End PBXFrameworksBuildPhase section */

/* Begin PBXGroup section */
		422160C5266CEAED00D487D3 /* Components */ = {
			isa = PBXGroup;
			children = (
				422160C6266CEB4D00D487D3 /* Spacers.swift */,
			);
			path = Components;
			sourceTree = "<group>";
		};
		422160C8266CEBB300D487D3 /* Views */ = {
			isa = PBXGroup;
			children = (
				42F36457266CE4BB0066F828 /* ContentView.swift */,
				422160C9266CED8900D487D3 /* GestureView.swift */,
			);
			path = Views;
			sourceTree = "<group>";
		};
		422160CB266CF09600D487D3 /* Modifiers */ = {
			isa = PBXGroup;
			children = (
				422160CC266CF0A200D487D3 /* TextStyle.swift */,
				422160DD266CFD7E00D487D3 /* Timer.swift */,
			);
			path = Modifiers;
			sourceTree = "<group>";
		};
		422160CE266CF36100D487D3 /* Fonts */ = {
			isa = PBXGroup;
			children = (
				422160D1266CF37900D487D3 /* NanumSquareRoundEB.ttf */,
				422160D2266CF37900D487D3 /* NanumSquareRoundL.ttf */,
				422160D0266CF37200D487D3 /* NanumSquareRoundB.ttf */,
				422160CF266CF37200D487D3 /* NanumSquareRoundR.ttf */,
			);
			path = Fonts;
			sourceTree = "<group>";
		};
		422160D8266CF76E00D487D3 /* Extensions */ = {
			isa = PBXGroup;
			children = (
				422160D9266CF77B00D487D3 /* Color.swift */,
			);
			path = Extensions;
			sourceTree = "<group>";
		};
		42F36449266CE4BB0066F828 = {
			isa = PBXGroup;
			children = (
				42F36454266CE4BB0066F828 /* invisible-stopwatch */,
				42F36453266CE4BB0066F828 /* Products */,
				6A91E52593267B7D37826101 /* Pods */,
				E6EEFAB19881BC1EE19274A3 /* Frameworks */,
			);
			sourceTree = "<group>";
		};
		42F36453266CE4BB0066F828 /* Products */ = {
			isa = PBXGroup;
			children = (
				42F36452266CE4BB0066F828 /* invisible-stopwatch.app */,
			);
			name = Products;
			sourceTree = "<group>";
		};
		42F36454266CE4BB0066F828 /* invisible-stopwatch */ = {
			isa = PBXGroup;
			children = (
				422160D8266CF76E00D487D3 /* Extensions */,
				422160CB266CF09600D487D3 /* Modifiers */,
				422160C8266CEBB300D487D3 /* Views */,
				422160C5266CEAED00D487D3 /* Components */,
				422160CE266CF36100D487D3 /* Fonts */,
				42F36455266CE4BB0066F828 /* invisible_stopwatchApp.swift */,
				42F36459266CE4BB0066F828 /* Assets.xcassets */,
				42F3645E266CE4BB0066F828 /* Info.plist */,
				42F3645B266CE4BB0066F828 /* Preview Content */,
			);
			path = "invisible-stopwatch";
			sourceTree = "<group>";
		};
		42F3645B266CE4BB0066F828 /* Preview Content */ = {
			isa = PBXGroup;
			children = (
				42F3645C266CE4BB0066F828 /* Preview Assets.xcassets */,
			);
			path = "Preview Content";
			sourceTree = "<group>";
		};
		6A91E52593267B7D37826101 /* Pods */ = {
			isa = PBXGroup;
			children = (
				B4F6C976B3959CD34B279515 /* Pods-invisible-stopwatch.debug.xcconfig */,
				820A7A9469A4C16A745E4443 /* Pods-invisible-stopwatch.release.xcconfig */,
			);
			path = Pods;
			sourceTree = "<group>";
		};
		E6EEFAB19881BC1EE19274A3 /* Frameworks */ = {
			isa = PBXGroup;
			children = (
				1CF93CEC196DF7C20E3207D1 /* Pods_invisible_stopwatch.framework */,
			);
			name = Frameworks;
			sourceTree = "<group>";
		};
/* End PBXGroup section */

/* Begin PBXNativeTarget section */
		42F36451266CE4BB0066F828 /* invisible-stopwatch */ = {
			isa = PBXNativeTarget;
			buildConfigurationList = 42F36461266CE4BB0066F828 /* Build configuration list for PBXNativeTarget "invisible-stopwatch" */;
			buildPhases = (
				D1708E970F2683E32E30274D /* [CP] Check Pods Manifest.lock */,
				42F3644E266CE4BB0066F828 /* Sources */,
				42F3644F266CE4BB0066F828 /* Frameworks */,
				42F36450266CE4BB0066F828 /* Resources */,
				422160D3266CF50800D487D3 /* SwiftLint */,
			);
			buildRules = (
			);
			dependencies = (
			);
			name = "invisible-stopwatch";
			productName = "invisible-stopwatch";
			productReference = 42F36452266CE4BB0066F828 /* invisible-stopwatch.app */;
			productType = "com.apple.product-type.application";
		};
/* End PBXNativeTarget section */

/* Begin PBXProject section */
		42F3644A266CE4BB0066F828 /* Project object */ = {
			isa = PBXProject;
			attributes = {
				LastSwiftUpdateCheck = 1250;
				LastUpgradeCheck = 1250;
				TargetAttributes = {
					42F36451266CE4BB0066F828 = {
						CreatedOnToolsVersion = 12.5;
					};
				};
			};
			buildConfigurationList = 42F3644D266CE4BB0066F828 /* Build configuration list for PBXProject "invisible-stopwatch" */;
			compatibilityVersion = "Xcode 9.3";
			developmentRegion = en;
			hasScannedForEncodings = 0;
			knownRegions = (
				en,
				Base,
			);
			mainGroup = 42F36449266CE4BB0066F828;
			productRefGroup = 42F36453266CE4BB0066F828 /* Products */;
			projectDirPath = "";
			projectRoot = "";
			targets = (
				42F36451266CE4BB0066F828 /* invisible-stopwatch */,
			);
		};
/* End PBXProject section */

/* Begin PBXResourcesBuildPhase section */
		42F36450266CE4BB0066F828 /* Resources */ = {
			isa = PBXResourcesBuildPhase;
			buildActionMask = 2147483647;
			files = (
				42F3645D266CE4BB0066F828 /* Preview Assets.xcassets in Resources */,
				422160D5266CF69F00D487D3 /* NanumSquareRoundL.ttf in Resources */,
				422160D4266CF69C00D487D3 /* NanumSquareRoundEB.ttf in Resources */,
				42F3645A266CE4BB0066F828 /* Assets.xcassets in Resources */,
				422160D6266CF6A200D487D3 /* NanumSquareRoundB.ttf in Resources */,
				422160D7266CF6A500D487D3 /* NanumSquareRoundR.ttf in Resources */,
			);
			runOnlyForDeploymentPostprocessing = 0;
		};
/* End PBXResourcesBuildPhase section */

/* Begin PBXShellScriptBuildPhase section */
		422160D3266CF50800D487D3 /* SwiftLint */ = {
			isa = PBXShellScriptBuildPhase;
			buildActionMask = 2147483647;
			files = (
			);
			inputFileListPaths = (
			);
			inputPaths = (
			);
			name = SwiftLint;
			outputFileListPaths = (
			);
			outputPaths = (
			);
			runOnlyForDeploymentPostprocessing = 0;
			shellPath = /bin/sh;
			shellScript = "\"${PODS_ROOT}/SwiftLint/swiftlint\"\n";
		};
		D1708E970F2683E32E30274D /* [CP] Check Pods Manifest.lock */ = {
			isa = PBXShellScriptBuildPhase;
			buildActionMask = 2147483647;
			files = (
			);
			inputFileListPaths = (
			);
			inputPaths = (
				"${PODS_PODFILE_DIR_PATH}/Podfile.lock",
				"${PODS_ROOT}/Manifest.lock",
			);
			name = "[CP] Check Pods Manifest.lock";
			outputFileListPaths = (
			);
			outputPaths = (
				"$(DERIVED_FILE_DIR)/Pods-invisible-stopwatch-checkManifestLockResult.txt",
			);
			runOnlyForDeploymentPostprocessing = 0;
			shellPath = /bin/sh;
			shellScript = "diff \"${PODS_PODFILE_DIR_PATH}/Podfile.lock\" \"${PODS_ROOT}/Manifest.lock\" > /dev/null\nif [ $? != 0 ] ; then\n    # print error to STDERR\n    echo \"error: The sandbox is not in sync with the Podfile.lock. Run 'pod install' or update your CocoaPods installation.\" >&2\n    exit 1\nfi\n# This output is used by Xcode 'outputs' to avoid re-running this script phase.\necho \"SUCCESS\" > \"${SCRIPT_OUTPUT_FILE_0}\"\n";
			showEnvVarsInLog = 0;
		};
/* End PBXShellScriptBuildPhase section */

/* Begin PBXSourcesBuildPhase section */
		42F3644E266CE4BB0066F828 /* Sources */ = {
			isa = PBXSourcesBuildPhase;
			buildActionMask = 2147483647;
			files = (
				42F36458266CE4BB0066F828 /* ContentView.swift in Sources */,
				42F36456266CE4BB0066F828 /* invisible_stopwatchApp.swift in Sources */,
				422160CA266CED8900D487D3 /* GestureView.swift in Sources */,
				422160C7266CEB4D00D487D3 /* Spacers.swift in Sources */,
				422160CD266CF0A200D487D3 /* TextStyle.swift in Sources */,
				422160DA266CF77B00D487D3 /* Color.swift in Sources */,
				422160DE266CFD7E00D487D3 /* Timer.swift in Sources */,
			);
			runOnlyForDeploymentPostprocessing = 0;
		};
/* End PBXSourcesBuildPhase section */

/* Begin XCBuildConfiguration section */
		42F3645F266CE4BB0066F828 /* Debug */ = {
			isa = XCBuildConfiguration;
			buildSettings = {
				ALWAYS_SEARCH_USER_PATHS = NO;
				CLANG_ANALYZER_NONNULL = YES;
				CLANG_ANALYZER_NUMBER_OBJECT_CONVERSION = YES_AGGRESSIVE;
				CLANG_CXX_LANGUAGE_STANDARD = "gnu++14";
				CLANG_CXX_LIBRARY = "libc++";
				CLANG_ENABLE_MODULES = YES;
				CLANG_ENABLE_OBJC_ARC = YES;
				CLANG_ENABLE_OBJC_WEAK = YES;
				CLANG_WARN_BLOCK_CAPTURE_AUTORELEASING = YES;
				CLANG_WARN_BOOL_CONVERSION = YES;
				CLANG_WARN_COMMA = YES;
				CLANG_WARN_CONSTANT_CONVERSION = YES;
				CLANG_WARN_DEPRECATED_OBJC_IMPLEMENTATIONS = YES;
				CLANG_WARN_DIRECT_OBJC_ISA_USAGE = YES_ERROR;
				CLANG_WARN_DOCUMENTATION_COMMENTS = YES;
				CLANG_WARN_EMPTY_BODY = YES;
				CLANG_WARN_ENUM_CONVERSION = YES;
				CLANG_WARN_INFINITE_RECURSION = YES;
				CLANG_WARN_INT_CONVERSION = YES;
				CLANG_WARN_NON_LITERAL_NULL_CONVERSION = YES;
				CLANG_WARN_OBJC_IMPLICIT_RETAIN_SELF = YES;
				CLANG_WARN_OBJC_LITERAL_CONVERSION = YES;
				CLANG_WARN_OBJC_ROOT_CLASS = YES_ERROR;
				CLANG_WARN_QUOTED_INCLUDE_IN_FRAMEWORK_HEADER = YES;
				CLANG_WARN_RANGE_LOOP_ANALYSIS = YES;
				CLANG_WARN_STRICT_PROTOTYPES = YES;
				CLANG_WARN_SUSPICIOUS_MOVE = YES;
				CLANG_WARN_UNGUARDED_AVAILABILITY = YES_AGGRESSIVE;
				CLANG_WARN_UNREACHABLE_CODE = YES;
				CLANG_WARN__DUPLICATE_METHOD_MATCH = YES;
				COPY_PHASE_STRIP = NO;
				DEBUG_INFORMATION_FORMAT = dwarf;
				ENABLE_STRICT_OBJC_MSGSEND = YES;
				ENABLE_TESTABILITY = YES;
				GCC_C_LANGUAGE_STANDARD = gnu11;
				GCC_DYNAMIC_NO_PIC = NO;
				GCC_NO_COMMON_BLOCKS = YES;
				GCC_OPTIMIZATION_LEVEL = 0;
				GCC_PREPROCESSOR_DEFINITIONS = (
					"DEBUG=1",
					"$(inherited)",
				);
				GCC_WARN_64_TO_32_BIT_CONVERSION = YES;
				GCC_WARN_ABOUT_RETURN_TYPE = YES_ERROR;
				GCC_WARN_UNDECLARED_SELECTOR = YES;
				GCC_WARN_UNINITIALIZED_AUTOS = YES_AGGRESSIVE;
				GCC_WARN_UNUSED_FUNCTION = YES;
				GCC_WARN_UNUSED_VARIABLE = YES;
				IPHONEOS_DEPLOYMENT_TARGET = 14.5;
				MTL_ENABLE_DEBUG_INFO = INCLUDE_SOURCE;
				MTL_FAST_MATH = YES;
				ONLY_ACTIVE_ARCH = YES;
				SDKROOT = iphoneos;
				SWIFT_ACTIVE_COMPILATION_CONDITIONS = DEBUG;
				SWIFT_OPTIMIZATION_LEVEL = "-Onone";
			};
			name = Debug;
		};
		42F36460266CE4BB0066F828 /* Release */ = {
			isa = XCBuildConfiguration;
			buildSettings = {
				ALWAYS_SEARCH_USER_PATHS = NO;
				CLANG_ANALYZER_NONNULL = YES;
				CLANG_ANALYZER_NUMBER_OBJECT_CONVERSION = YES_AGGRESSIVE;
				CLANG_CXX_LANGUAGE_STANDARD = "gnu++14";
				CLANG_CXX_LIBRARY = "libc++";
				CLANG_ENABLE_MODULES = YES;
				CLANG_ENABLE_OBJC_ARC = YES;
				CLANG_ENABLE_OBJC_WEAK = YES;
				CLANG_WARN_BLOCK_CAPTURE_AUTORELEASING = YES;
				CLANG_WARN_BOOL_CONVERSION = YES;
				CLANG_WARN_COMMA = YES;
				CLANG_WARN_CONSTANT_CONVERSION = YES;
				CLANG_WARN_DEPRECATED_OBJC_IMPLEMENTATIONS = YES;
				CLANG_WARN_DIRECT_OBJC_ISA_USAGE = YES_ERROR;
				CLANG_WARN_DOCUMENTATION_COMMENTS = YES;
				CLANG_WARN_EMPTY_BODY = YES;
				CLANG_WARN_ENUM_CONVERSION = YES;
				CLANG_WARN_INFINITE_RECURSION = YES;
				CLANG_WARN_INT_CONVERSION = YES;
				CLANG_WARN_NON_LITERAL_NULL_CONVERSION = YES;
				CLANG_WARN_OBJC_IMPLICIT_RETAIN_SELF = YES;
				CLANG_WARN_OBJC_LITERAL_CONVERSION = YES;
				CLANG_WARN_OBJC_ROOT_CLASS = YES_ERROR;
				CLANG_WARN_QUOTED_INCLUDE_IN_FRAMEWORK_HEADER = YES;
				CLANG_WARN_RANGE_LOOP_ANALYSIS = YES;
				CLANG_WARN_STRICT_PROTOTYPES = YES;
				CLANG_WARN_SUSPICIOUS_MOVE = YES;
				CLANG_WARN_UNGUARDED_AVAILABILITY = YES_AGGRESSIVE;
				CLANG_WARN_UNREACHABLE_CODE = YES;
				CLANG_WARN__DUPLICATE_METHOD_MATCH = YES;
				COPY_PHASE_STRIP = NO;
				DEBUG_INFORMATION_FORMAT = "dwarf-with-dsym";
				ENABLE_NS_ASSERTIONS = NO;
				ENABLE_STRICT_OBJC_MSGSEND = YES;
				GCC_C_LANGUAGE_STANDARD = gnu11;
				GCC_NO_COMMON_BLOCKS = YES;
				GCC_WARN_64_TO_32_BIT_CONVERSION = YES;
				GCC_WARN_ABOUT_RETURN_TYPE = YES_ERROR;
				GCC_WARN_UNDECLARED_SELECTOR = YES;
				GCC_WARN_UNINITIALIZED_AUTOS = YES_AGGRESSIVE;
				GCC_WARN_UNUSED_FUNCTION = YES;
				GCC_WARN_UNUSED_VARIABLE = YES;
				IPHONEOS_DEPLOYMENT_TARGET = 14.5;
				MTL_ENABLE_DEBUG_INFO = NO;
				MTL_FAST_MATH = YES;
				SDKROOT = iphoneos;
				SWIFT_COMPILATION_MODE = wholemodule;
				SWIFT_OPTIMIZATION_LEVEL = "-O";
				VALIDATE_PRODUCT = YES;
			};
			name = Release;
		};
		42F36462266CE4BB0066F828 /* Debug */ = {
			isa = XCBuildConfiguration;
			baseConfigurationReference = B4F6C976B3959CD34B279515 /* Pods-invisible-stopwatch.debug.xcconfig */;
			buildSettings = {
				ASSETCATALOG_COMPILER_APPICON_NAME = AppIcon;
				ASSETCATALOG_COMPILER_GLOBAL_ACCENT_COLOR_NAME = AccentColor;
				CODE_SIGN_STYLE = Automatic;
				DEVELOPMENT_ASSET_PATHS = "\"invisible-stopwatch/Preview Content\"";
				DEVELOPMENT_TEAM = 5F2KLXFAD3;
				ENABLE_PREVIEWS = YES;
				INFOPLIST_FILE = "invisible-stopwatch/Info.plist";
				IPHONEOS_DEPLOYMENT_TARGET = 14.0;
				LD_RUNPATH_SEARCH_PATHS = (
					"$(inherited)",
					"@executable_path/Frameworks",
				);
				PRODUCT_BUNDLE_IDENTIFIER = "changemin.invisible-stopwatch";
				PRODUCT_NAME = "$(TARGET_NAME)";
				SWIFT_VERSION = 5.0;
				TARGETED_DEVICE_FAMILY = "1,2";
			};
			name = Debug;
		};
		42F36463266CE4BB0066F828 /* Release */ = {
			isa = XCBuildConfiguration;
			baseConfigurationReference = 820A7A9469A4C16A745E4443 /* Pods-invisible-stopwatch.release.xcconfig */;
			buildSettings = {
				ASSETCATALOG_COMPILER_APPICON_NAME = AppIcon;
				ASSETCATALOG_COMPILER_GLOBAL_ACCENT_COLOR_NAME = AccentColor;
				CODE_SIGN_STYLE = Automatic;
				DEVELOPMENT_ASSET_PATHS = "\"invisible-stopwatch/Preview Content\"";
				DEVELOPMENT_TEAM = 5F2KLXFAD3;
				ENABLE_PREVIEWS = YES;
				INFOPLIST_FILE = "invisible-stopwatch/Info.plist";
				IPHONEOS_DEPLOYMENT_TARGET = 14.0;
				LD_RUNPATH_SEARCH_PATHS = (
					"$(inherited)",
					"@executable_path/Frameworks",
				);
				PRODUCT_BUNDLE_IDENTIFIER = "changemin.invisible-stopwatch";
				PRODUCT_NAME = "$(TARGET_NAME)";
				SWIFT_VERSION = 5.0;
				TARGETED_DEVICE_FAMILY = "1,2";
			};
			name = Release;
		};
/* End XCBuildConfiguration section */

/* Begin XCConfigurationList section */
		42F3644D266CE4BB0066F828 /* Build configuration list for PBXProject "invisible-stopwatch" */ = {
			isa = XCConfigurationList;
			buildConfigurations = (
				42F3645F266CE4BB0066F828 /* Debug */,
				42F36460266CE4BB0066F828 /* Release */,
			);
			defaultConfigurationIsVisible = 0;
			defaultConfigurationName = Release;
		};
		42F36461266CE4BB0066F828 /* Build configuration list for PBXNativeTarget "invisible-stopwatch" */ = {
			isa = XCConfigurationList;
			buildConfigurations = (
				42F36462266CE4BB0066F828 /* Debug */,
				42F36463266CE4BB0066F828 /* Release */,
			);
			defaultConfigurationIsVisible = 0;
			defaultConfigurationName = Release;
		};
/* End XCConfigurationList section */
	};
	rootObject = 42F3644A266CE4BB0066F828 /* Project object */;
}
